// !$*UTF8*$!
{
	archiveVersion = 1;
	classes = {
	};
	objectVersion = 46;
	objects = {

/* Begin PBXBuildFile section */
		0649A87D1B630309004469FD /* AppDelegate.swift in Sources */ = {isa = PBXBuildFile; fileRef = 0649A87C1B630309004469FD /* AppDelegate.swift */; };
		0649A87F1B630309004469FD /* RecordSleepViewController.swift in Sources */ = {isa = PBXBuildFile; fileRef = 0649A87E1B630309004469FD /* RecordSleepViewController.swift */; };
		0649A8821B630309004469FD /* Main.storyboard in Resources */ = {isa = PBXBuildFile; fileRef = 0649A8801B630309004469FD /* Main.storyboard */; };
		0649A8841B630309004469FD /* Images.xcassets in Resources */ = {isa = PBXBuildFile; fileRef = 0649A8831B630309004469FD /* Images.xcassets */; };
		0649A8871B630309004469FD /* LaunchScreen.xib in Resources */ = {isa = PBXBuildFile; fileRef = 0649A8851B630309004469FD /* LaunchScreen.xib */; };
		0649A8931B63030A004469FD /* Sleep_PalTests.swift in Sources */ = {isa = PBXBuildFile; fileRef = 0649A8921B63030A004469FD /* Sleep_PalTests.swift */; };
		06FDBFCB1B64C43300D7ED12 /* HealthKit.framework in Frameworks */ = {isa = PBXBuildFile; fileRef = 06FDBFCA1B64C43300D7ED12 /* HealthKit.framework */; };
		06FDBFCD1B64D68C00D7ED12 /* SleepEntryTableViewController.swift in Sources */ = {isa = PBXBuildFile; fileRef = 06FDBFCC1B64D68C00D7ED12 /* SleepEntryTableViewController.swift */; };
		06FDBFCF1B64DDF300D7ED12 /* HealthKitManager.swift in Sources */ = {isa = PBXBuildFile; fileRef = 06FDBFCE1B64DDF300D7ED12 /* HealthKitManager.swift */; };
		06FDBFDB1B65043F00D7ED12 /* SleepEntryCell.swift in Sources */ = {isa = PBXBuildFile; fileRef = 06FDBFDA1B65043F00D7ED12 /* SleepEntryCell.swift */; };
		06FDBFDD1B650F5A00D7ED12 /* SleepEntryDetailViewController.swift in Sources */ = {isa = PBXBuildFile; fileRef = 06FDBFDC1B650F5A00D7ED12 /* SleepEntryDetailViewController.swift */; };
		4D696975960CE3FADBBDFABE /* libPods-Sleep Pal.a in Frameworks */ = {isa = PBXBuildFile; fileRef = 7B80EDE82055B69728C577D2 /* libPods-Sleep Pal.a */; };
/* End PBXBuildFile section */

/* Begin PBXContainerItemProxy section */
		0649A88D1B63030A004469FD /* PBXContainerItemProxy */ = {
			isa = PBXContainerItemProxy;
			containerPortal = 0649A86F1B630309004469FD /* Project object */;
			proxyType = 1;
			remoteGlobalIDString = 0649A8761B630309004469FD;
			remoteInfo = "Sleep Pal";
		};
/* End PBXContainerItemProxy section */

/* Begin PBXFileReference section */
		0649A8771B630309004469FD /* Sleep Pal.app */ = {isa = PBXFileReference; explicitFileType = wrapper.application; includeInIndex = 0; path = "Sleep Pal.app"; sourceTree = BUILT_PRODUCTS_DIR; };
		0649A87B1B630309004469FD /* Info.plist */ = {isa = PBXFileReference; lastKnownFileType = text.plist.xml; path = Info.plist; sourceTree = "<group>"; };
		0649A87C1B630309004469FD /* AppDelegate.swift */ = {isa = PBXFileReference; lastKnownFileType = sourcecode.swift; path = AppDelegate.swift; sourceTree = "<group>"; };
		0649A87E1B630309004469FD /* RecordSleepViewController.swift */ = {isa = PBXFileReference; lastKnownFileType = sourcecode.swift; path = RecordSleepViewController.swift; sourceTree = "<group>"; };
		0649A8811B630309004469FD /* Base */ = {isa = PBXFileReference; lastKnownFileType = file.storyboard; name = Base; path = Base.lproj/Main.storyboard; sourceTree = "<group>"; };
		0649A8831B630309004469FD /* Images.xcassets */ = {isa = PBXFileReference; lastKnownFileType = folder.assetcatalog; path = Images.xcassets; sourceTree = "<group>"; };
		0649A8861B630309004469FD /* Base */ = {isa = PBXFileReference; lastKnownFileType = file.xib; name = Base; path = Base.lproj/LaunchScreen.xib; sourceTree = "<group>"; };
		0649A88C1B63030A004469FD /* Sleep PalTests.xctest */ = {isa = PBXFileReference; explicitFileType = wrapper.cfbundle; includeInIndex = 0; path = "Sleep PalTests.xctest"; sourceTree = BUILT_PRODUCTS_DIR; };
		0649A8911B63030A004469FD /* Info.plist */ = {isa = PBXFileReference; lastKnownFileType = text.plist.xml; path = Info.plist; sourceTree = "<group>"; };
		0649A8921B63030A004469FD /* Sleep_PalTests.swift */ = {isa = PBXFileReference; lastKnownFileType = sourcecode.swift; path = Sleep_PalTests.swift; sourceTree = "<group>"; };
		0691A1A41B64C2080011F675 /* Sleep Pal.entitlements */ = {isa = PBXFileReference; lastKnownFileType = text.xml; path = "Sleep Pal.entitlements"; sourceTree = "<group>"; };
		06FDBFCA1B64C43300D7ED12 /* HealthKit.framework */ = {isa = PBXFileReference; lastKnownFileType = wrapper.framework; name = HealthKit.framework; path = System/Library/Frameworks/HealthKit.framework; sourceTree = SDKROOT; };
		06FDBFCC1B64D68C00D7ED12 /* SleepEntryTableViewController.swift */ = {isa = PBXFileReference; fileEncoding = 4; lastKnownFileType = sourcecode.swift; path = SleepEntryTableViewController.swift; sourceTree = "<group>"; };
		06FDBFCE1B64DDF300D7ED12 /* HealthKitManager.swift */ = {isa = PBXFileReference; fileEncoding = 4; lastKnownFileType = sourcecode.swift; path = HealthKitManager.swift; sourceTree = "<group>"; };
		06FDBFDA1B65043F00D7ED12 /* SleepEntryCell.swift */ = {isa = PBXFileReference; fileEncoding = 4; lastKnownFileType = sourcecode.swift; path = SleepEntryCell.swift; sourceTree = "<group>"; };
		06FDBFDC1B650F5A00D7ED12 /* SleepEntryDetailViewController.swift */ = {isa = PBXFileReference; fileEncoding = 4; lastKnownFileType = sourcecode.swift; path = SleepEntryDetailViewController.swift; sourceTree = "<group>"; };
		46D79A6B1B6059E1F5DF87EF /* Pods-Sleep Pal.release.xcconfig */ = {isa = PBXFileReference; includeInIndex = 1; lastKnownFileType = text.xcconfig; name = "Pods-Sleep Pal.release.xcconfig"; path = "Pods/Target Support Files/Pods-Sleep Pal/Pods-Sleep Pal.release.xcconfig"; sourceTree = "<group>"; };
		7B80EDE82055B69728C577D2 /* libPods-Sleep Pal.a */ = {isa = PBXFileReference; explicitFileType = archive.ar; includeInIndex = 0; path = "libPods-Sleep Pal.a"; sourceTree = BUILT_PRODUCTS_DIR; };
		83CF401755CD4B65E984DA7D /* Pods-Sleep Pal.debug.xcconfig */ = {isa = PBXFileReference; includeInIndex = 1; lastKnownFileType = text.xcconfig; name = "Pods-Sleep Pal.debug.xcconfig"; path = "Pods/Target Support Files/Pods-Sleep Pal/Pods-Sleep Pal.debug.xcconfig"; sourceTree = "<group>"; };
/* End PBXFileReference section */

/* Begin PBXFrameworksBuildPhase section */
		0649A8741B630309004469FD /* Frameworks */ = {
			isa = PBXFrameworksBuildPhase;
			buildActionMask = 2147483647;
			files = (
				06FDBFCB1B64C43300D7ED12 /* HealthKit.framework in Frameworks */,
				4D696975960CE3FADBBDFABE /* libPods-Sleep Pal.a in Frameworks */,
			);
			runOnlyForDeploymentPostprocessing = 0;
		};
		0649A8891B63030A004469FD /* Frameworks */ = {
			isa = PBXFrameworksBuildPhase;
			buildActionMask = 2147483647;
			files = (
			);
			runOnlyForDeploymentPostprocessing = 0;
		};
/* End PBXFrameworksBuildPhase section */

/* Begin PBXGroup section */
		0649A86E1B630309004469FD = {
			isa = PBXGroup;
			children = (
				06FDBFCA1B64C43300D7ED12 /* HealthKit.framework */,
				0649A8791B630309004469FD /* Sleep Pal */,
				0649A88F1B63030A004469FD /* Sleep PalTests */,
				0649A8781B630309004469FD /* Products */,
				97DFF48D9345FE601BFB8358 /* Pods */,
				F18487F4F7EF1CE0C23B9066 /* Frameworks */,
			);
			sourceTree = "<group>";
		};
		0649A8781B630309004469FD /* Products */ = {
			isa = PBXGroup;
			children = (
				0649A8771B630309004469FD /* Sleep Pal.app */,
				0649A88C1B63030A004469FD /* Sleep PalTests.xctest */,
			);
			name = Products;
			sourceTree = "<group>";
		};
		0649A8791B630309004469FD /* Sleep Pal */ = {
			isa = PBXGroup;
			children = (
				0691A1A41B64C2080011F675 /* Sleep Pal.entitlements */,
				0649A87C1B630309004469FD /* AppDelegate.swift */,
				0649A87E1B630309004469FD /* RecordSleepViewController.swift */,
				06FDBFCC1B64D68C00D7ED12 /* SleepEntryTableViewController.swift */,
				06FDBFCE1B64DDF300D7ED12 /* HealthKitManager.swift */,
				06FDBFDA1B65043F00D7ED12 /* SleepEntryCell.swift */,
				06FDBFDC1B650F5A00D7ED12 /* SleepEntryDetailViewController.swift */,
				0649A8801B630309004469FD /* Main.storyboard */,
				0649A8831B630309004469FD /* Images.xcassets */,
				0649A8851B630309004469FD /* LaunchScreen.xib */,
				0649A87A1B630309004469FD /* Supporting Files */,
			);
			path = "Sleep Pal";
			sourceTree = "<group>";
		};
		0649A87A1B630309004469FD /* Supporting Files */ = {
			isa = PBXGroup;
			children = (
				0649A87B1B630309004469FD /* Info.plist */,
			);
			name = "Supporting Files";
			sourceTree = "<group>";
		};
		0649A88F1B63030A004469FD /* Sleep PalTests */ = {
			isa = PBXGroup;
			children = (
				0649A8921B63030A004469FD /* Sleep_PalTests.swift */,
				0649A8901B63030A004469FD /* Supporting Files */,
			);
			path = "Sleep PalTests";
			sourceTree = "<group>";
		};
		0649A8901B63030A004469FD /* Supporting Files */ = {
			isa = PBXGroup;
			children = (
				0649A8911B63030A004469FD /* Info.plist */,
			);
			name = "Supporting Files";
			sourceTree = "<group>";
		};
		97DFF48D9345FE601BFB8358 /* Pods */ = {
			isa = PBXGroup;
			children = (
				83CF401755CD4B65E984DA7D /* Pods-Sleep Pal.debug.xcconfig */,
				46D79A6B1B6059E1F5DF87EF /* Pods-Sleep Pal.release.xcconfig */,
			);
			name = Pods;
			sourceTree = "<group>";
		};
		F18487F4F7EF1CE0C23B9066 /* Frameworks */ = {
			isa = PBXGroup;
			children = (
				7B80EDE82055B69728C577D2 /* libPods-Sleep Pal.a */,
			);
			name = Frameworks;
			sourceTree = "<group>";
		};
/* End PBXGroup section */

/* Begin PBXNativeTarget section */
		0649A8761B630309004469FD /* Sleep Pal */ = {
			isa = PBXNativeTarget;
			buildConfigurationList = 0649A8961B63030A004469FD /* Build configuration list for PBXNativeTarget "Sleep Pal" */;
			buildPhases = (
				38B4D527958E61020EB0FDF7 /* Check Pods Manifest.lock */,
				0649A8731B630309004469FD /* Sources */,
				0649A8741B630309004469FD /* Frameworks */,
				0649A8751B630309004469FD /* Resources */,
				1BEC1DD5BC0465252ABEA990 /* Copy Pods Resources */,
			);
			buildRules = (
			);
			dependencies = (
			);
			name = "Sleep Pal";
			productName = "Sleep Pal";
			productReference = 0649A8771B630309004469FD /* Sleep Pal.app */;
			productType = "com.apple.product-type.application";
		};
		0649A88B1B63030A004469FD /* Sleep PalTests */ = {
			isa = PBXNativeTarget;
			buildConfigurationList = 0649A8991B63030A004469FD /* Build configuration list for PBXNativeTarget "Sleep PalTests" */;
			buildPhases = (
				0649A8881B63030A004469FD /* Sources */,
				0649A8891B63030A004469FD /* Frameworks */,
				0649A88A1B63030A004469FD /* Resources */,
			);
			buildRules = (
			);
			dependencies = (
				0649A88E1B63030A004469FD /* PBXTargetDependency */,
			);
			name = "Sleep PalTests";
			productName = "Sleep PalTests";
			productReference = 0649A88C1B63030A004469FD /* Sleep PalTests.xctest */;
			productType = "com.apple.product-type.bundle.unit-test";
		};
/* End PBXNativeTarget section */

/* Begin PBXProject section */
		0649A86F1B630309004469FD /* Project object */ = {
			isa = PBXProject;
			attributes = {
				LastUpgradeCheck = 0630;
				ORGANIZATIONNAME = "Cody Caldwell";
				TargetAttributes = {
					0649A8761B630309004469FD = {
						CreatedOnToolsVersion = 6.3;
						DevelopmentTeam = 38B42C28A5;
						SystemCapabilities = {
							com.apple.HealthKit = {
								enabled = 1;
							};
						};
					};
					0649A88B1B63030A004469FD = {
						CreatedOnToolsVersion = 6.3;
						TestTargetID = 0649A8761B630309004469FD;
					};
				};
			};
			buildConfigurationList = 0649A8721B630309004469FD /* Build configuration list for PBXProject "Sleep Pal" */;
			compatibilityVersion = "Xcode 3.2";
			developmentRegion = English;
			hasScannedForEncodings = 0;
			knownRegions = (
				en,
				Base,
			);
			mainGroup = 0649A86E1B630309004469FD;
			productRefGroup = 0649A8781B630309004469FD /* Products */;
			projectDirPath = "";
			projectRoot = "";
			targets = (
				0649A8761B630309004469FD /* Sleep Pal */,
				0649A88B1B63030A004469FD /* Sleep PalTests */,
			);
		};
/* End PBXProject section */

/* Begin PBXResourcesBuildPhase section */
		0649A8751B630309004469FD /* Resources */ = {
			isa = PBXResourcesBuildPhase;
			buildActionMask = 2147483647;
			files = (
				0649A8821B630309004469FD /* Main.storyboard in Resources */,
				0649A8871B630309004469FD /* LaunchScreen.xib in Resources */,
				0649A8841B630309004469FD /* Images.xcassets in Resources */,
			);
			runOnlyForDeploymentPostprocessing = 0;
		};
		0649A88A1B63030A004469FD /* Resources */ = {
			isa = PBXResourcesBuildPhase;
			buildActionMask = 2147483647;
			files = (
			);
			runOnlyForDeploymentPostprocessing = 0;
		};
/* End PBXResourcesBuildPhase section */

/* Begin PBXShellScriptBuildPhase section */
		1BEC1DD5BC0465252ABEA990 /* Copy Pods Resources */ = {
			isa = PBXShellScriptBuildPhase;
			buildActionMask = 2147483647;
			files = (
			);
			inputPaths = (
			);
			name = "Copy Pods Resources";
			outputPaths = (
			);
			runOnlyForDeploymentPostprocessing = 0;
			shellPath = /bin/sh;
			shellScript = "\"${SRCROOT}/Pods/Target Support Files/Pods-Sleep Pal/Pods-Sleep Pal-resources.sh\"\n";
			showEnvVarsInLog = 0;
		};
		38B4D527958E61020EB0FDF7 /* Check Pods Manifest.lock */ = {
			isa = PBXShellScriptBuildPhase;
			buildActionMask = 2147483647;
			files = (
			);
			inputPaths = (
			);
			name = "Check Pods Manifest.lock";
			outputPaths = (
			);
			runOnlyForDeploymentPostprocessing = 0;
			shellPath = /bin/sh;
			shellScript = "diff \"${PODS_ROOT}/../Podfile.lock\" \"${PODS_ROOT}/Manifest.lock\" > /dev/null\nif [[ $? != 0 ]] ; then\n    cat << EOM\nerror: The sandbox is not in sync with the Podfile.lock. Run 'pod install' or update your CocoaPods installation.\nEOM\n    exit 1\nfi\n";
			showEnvVarsInLog = 0;
		};
/* End PBXShellScriptBuildPhase section */

/* Begin PBXSourcesBuildPhase section */
		0649A8731B630309004469FD /* Sources */ = {
			isa = PBXSourcesBuildPhase;
			buildActionMask = 2147483647;
			files = (
				06FDBFCD1B64D68C00D7ED12 /* SleepEntryTableViewController.swift in Sources */,
				0649A87F1B630309004469FD /* RecordSleepViewController.swift in Sources */,
				06FDBFDD1B650F5A00D7ED12 /* SleepEntryDetailViewController.swift in Sources */,
				06FDBFCF1B64DDF300D7ED12 /* HealthKitManager.swift in Sources */,
				06FDBFDB1B65043F00D7ED12 /* SleepEntryCell.swift in Sources */,
				0649A87D1B630309004469FD /* AppDelegate.swift in Sources */,
			);
			runOnlyForDeploymentPostprocessing = 0;
		};
		0649A8881B63030A004469FD /* Sources */ = {
			isa = PBXSourcesBuildPhase;
			buildActionMask = 2147483647;
			files = (
				0649A8931B63030A004469FD /* Sleep_PalTests.swift in Sources */,
			);
			runOnlyForDeploymentPostprocessing = 0;
		};
/* End PBXSourcesBuildPhase section */

/* Begin PBXTargetDependency section */
		0649A88E1B63030A004469FD /* PBXTargetDependency */ = {
			isa = PBXTargetDependency;
			target = 0649A8761B630309004469FD /* Sleep Pal */;
			targetProxy = 0649A88D1B63030A004469FD /* PBXContainerItemProxy */;
		};
/* End PBXTargetDependency section */

/* Begin PBXVariantGroup section */
		0649A8801B630309004469FD /* Main.storyboard */ = {
			isa = PBXVariantGroup;
			children = (
				0649A8811B630309004469FD /* Base */,
			);
			name = Main.storyboard;
			sourceTree = "<group>";
		};
		0649A8851B630309004469FD /* LaunchScreen.xib */ = {
			isa = PBXVariantGroup;
			children = (
				0649A8861B630309004469FD /* Base */,
			);
			name = LaunchScreen.xib;
			sourceTree = "<group>";
		};
/* End PBXVariantGroup section */

/* Begin XCBuildConfiguration section */
		0649A8941B63030A004469FD /* Debug */ = {
			isa = XCBuildConfiguration;
			buildSettings = {
				ALWAYS_SEARCH_USER_PATHS = NO;
				CLANG_CXX_LANGUAGE_STANDARD = "gnu++0x";
				CLANG_CXX_LIBRARY = "libc++";
				CLANG_ENABLE_MODULES = YES;
				CLANG_ENABLE_OBJC_ARC = YES;
				CLANG_WARN_BOOL_CONVERSION = YES;
				CLANG_WARN_CONSTANT_CONVERSION = YES;
				CLANG_WARN_DIRECT_OBJC_ISA_USAGE = YES_ERROR;
				CLANG_WARN_EMPTY_BODY = YES;
				CLANG_WARN_ENUM_CONVERSION = YES;
				CLANG_WARN_INT_CONVERSION = YES;
				CLANG_WARN_OBJC_ROOT_CLASS = YES_ERROR;
				CLANG_WARN_UNREACHABLE_CODE = YES;
				CLANG_WARN__DUPLICATE_METHOD_MATCH = YES;
				"CODE_SIGN_IDENTITY[sdk=iphoneos*]" = "iPhone Developer";
				COPY_PHASE_STRIP = NO;
				DEBUG_INFORMATION_FORMAT = "dwarf-with-dsym";
				ENABLE_STRICT_OBJC_MSGSEND = YES;
				GCC_C_LANGUAGE_STANDARD = gnu99;
				GCC_DYNAMIC_NO_PIC = NO;
				GCC_NO_COMMON_BLOCKS = YES;
				GCC_OPTIMIZATION_LEVEL = 0;
				GCC_PREPROCESSOR_DEFINITIONS = (
					"DEBUG=1",
					"$(inherited)",
				);
				GCC_SYMBOLS_PRIVATE_EXTERN = NO;
				GCC_WARN_64_TO_32_BIT_CONVERSION = YES;
				GCC_WARN_ABOUT_RETURN_TYPE = YES_ERROR;
				GCC_WARN_UNDECLARED_SELECTOR = YES;
				GCC_WARN_UNINITIALIZED_AUTOS = YES_AGGRESSIVE;
				GCC_WARN_UNUSED_FUNCTION = YES;
				GCC_WARN_UNUSED_VARIABLE = YES;
				IPHONEOS_DEPLOYMENT_TARGET = 8.3;
				MTL_ENABLE_DEBUG_INFO = YES;
				ONLY_ACTIVE_ARCH = YES;
				SDKROOT = iphoneos;
				SWIFT_OPTIMIZATION_LEVEL = "-Onone";
			};
			name = Debug;
		};
		0649A8951B63030A004469FD /* Release */ = {
			isa = XCBuildConfiguration;
			buildSettings = {
				ALWAYS_SEARCH_USER_PATHS = NO;
				CLANG_CXX_LANGUAGE_STANDARD = "gnu++0x";
				CLANG_CXX_LIBRARY = "libc++";
				CLANG_ENABLE_MODULES = YES;
				CLANG_ENABLE_OBJC_ARC = YES;
				CLANG_WARN_BOOL_CONVERSION = YES;
				CLANG_WARN_CONSTANT_CONVERSION = YES;
				CLANG_WARN_DIRECT_OBJC_ISA_USAGE = YES_ERROR;
				CLANG_WARN_EMPTY_BODY = YES;
				CLANG_WARN_ENUM_CONVERSION = YES;
				CLANG_WARN_INT_CONVERSION = YES;
				CLANG_WARN_OBJC_ROOT_CLASS = YES_ERROR;
				CLANG_WARN_UNREACHABLE_CODE = YES;
				CLANG_WARN__DUPLICATE_METHOD_MATCH = YES;
				"CODE_SIGN_IDENTITY[sdk=iphoneos*]" = "iPhone Developer";
				COPY_PHASE_STRIP = NO;
				DEBUG_INFORMATION_FORMAT = "dwarf-with-dsym";
				ENABLE_NS_ASSERTIONS = NO;
				ENABLE_STRICT_OBJC_MSGSEND = YES;
				GCC_C_LANGUAGE_STANDARD = gnu99;
				GCC_NO_COMMON_BLOCKS = YES;
				GCC_WARN_64_TO_32_BIT_CONVERSION = YES;
				GCC_WARN_ABOUT_RETURN_TYPE = YES_ERROR;
				GCC_WARN_UNDECLARED_SELECTOR = YES;
				GCC_WARN_UNINITIALIZED_AUTOS = YES_AGGRESSIVE;
				GCC_WARN_UNUSED_FUNCTION = YES;
				GCC_WARN_UNUSED_VARIABLE = YES;
				IPHONEOS_DEPLOYMENT_TARGET = 8.3;
				MTL_ENABLE_DEBUG_INFO = NO;
				SDKROOT = iphoneos;
				VALIDATE_PRODUCT = YES;
			};
			name = Release;
		};
		0649A8971B63030A004469FD /* Debug */ = {
			isa = XCBuildConfiguration;
			baseConfigurationReference = 83CF401755CD4B65E984DA7D /* Pods-Sleep Pal.debug.xcconfig */;
			buildSettings = {
				ASSETCATALOG_COMPILER_APPICON_NAME = AppIcon;
				CODE_SIGN_ENTITLEMENTS = "Sleep Pal/Sleep Pal.entitlements";
				CODE_SIGN_IDENTITY = "iPhone Developer";
				"CODE_SIGN_IDENTITY[sdk=iphoneos*]" = "iPhone Developer";
				INFOPLIST_FILE = "Sleep Pal/Info.plist";
				LD_RUNPATH_SEARCH_PATHS = "$(inherited) @executable_path/Frameworks";
				PRODUCT_NAME = "$(TARGET_NAME)";
				PROVISIONING_PROFILE = "";
			};
			name = Debug;
		};
		0649A8981B63030A004469FD /* Release */ = {
			isa = XCBuildConfiguration;
			baseConfigurationReference = 46D79A6B1B6059E1F5DF87EF /* Pods-Sleep Pal.release.xcconfig */;
			buildSettings = {
				ASSETCATALOG_COMPILER_APPICON_NAME = AppIcon;
				CODE_SIGN_ENTITLEMENTS = "Sleep Pal/Sleep Pal.entitlements";
				CODE_SIGN_IDENTITY = "iPhone Developer";
				"CODE_SIGN_IDENTITY[sdk=iphoneos*]" = "iPhone Developer";
				INFOPLIST_FILE = "Sleep Pal/Info.plist";
				LD_RUNPATH_SEARCH_PATHS = "$(inherited) @executable_path/Frameworks";
				PRODUCT_NAME = "$(TARGET_NAME)";
				PROVISIONING_PROFILE = "";
			};
			name = Release;
		};
		0649A89A1B63030A004469FD /* Debug */ = {
			isa = XCBuildConfiguration;
			buildSettings = {
				BUNDLE_LOADER = "$(TEST_HOST)";
				FRAMEWORK_SEARCH_PATHS = (
					"$(SDKROOT)/Developer/Library/Frameworks",
					"$(inherited)",
				);
				GCC_PREPROCESSOR_DEFINITIONS = (
					"DEBUG=1",
					"$(inherited)",
				);
				INFOPLIST_FILE = "Sleep PalTests/Info.plist";
				LD_RUNPATH_SEARCH_PATHS = "$(inherited) @executable_path/Frameworks @loader_path/Frameworks";
				PRODUCT_NAME = "$(TARGET_NAME)";
				TEST_HOST = "$(BUILT_PRODUCTS_DIR)/Sleep Pal.app/Sleep Pal";
			};
			name = Debug;
		};
		0649A89B1B63030A004469FD /* Release */ = {
			isa = XCBuildConfiguration;
			buildSettings = {
				BUNDLE_LOADER = "$(TEST_HOST)";
				FRAMEWORK_SEARCH_PATHS = (
					"$(SDKROOT)/Developer/Library/Frameworks",
					"$(inherited)",
				);
				INFOPLIST_FILE = "Sleep PalTests/Info.plist";
				LD_RUNPATH_SEARCH_PATHS = "$(inherited) @executable_path/Frameworks @loader_path/Frameworks";
				PRODUCT_NAME = "$(TARGET_NAME)";
				TEST_HOST = "$(BUILT_PRODUCTS_DIR)/Sleep Pal.app/Sleep Pal";
			};
			name = Release;
		};
/* End XCBuildConfiguration section */

/* Begin XCConfigurationList section */
		0649A8721B630309004469FD /* Build configuration list for PBXProject "Sleep Pal" */ = {
			isa = XCConfigurationList;
			buildConfigurations = (
				0649A8941B63030A004469FD /* Debug */,
				0649A8951B63030A004469FD /* Release */,
			);
			defaultConfigurationIsVisible = 0;
			defaultConfigurationName = Release;
		};
		0649A8961B63030A004469FD /* Build configuration list for PBXNativeTarget "Sleep Pal" */ = {
			isa = XCConfigurationList;
			buildConfigurations = (
				0649A8971B63030A004469FD /* Debug */,
				0649A8981B63030A004469FD /* Release */,
			);
			defaultConfigurationIsVisible = 0;
			defaultConfigurationName = Release;
		};
		0649A8991B63030A004469FD /* Build configuration list for PBXNativeTarget "Sleep PalTests" */ = {
			isa = XCConfigurationList;
			buildConfigurations = (
				0649A89A1B63030A004469FD /* Debug */,
				0649A89B1B63030A004469FD /* Release */,
			);
			defaultConfigurationIsVisible = 0;
			defaultConfigurationName = Release;
		};
/* End XCConfigurationList section */
	};
	rootObject = 0649A86F1B630309004469FD /* Project object */;
}
